
Microsoft Visual Studio Solution File, Format Version 11.00
# Visual Studio 2010
Project("{FAE04EC0-301F-11D3-BF4B-00C04F79EFBC}") = "Assembly-CSharp", "Assembly-CSharp.csproj", "{420e8e52-5a64-69c9-3c3a-e2f78dde00f5}"
EndProject
Project("{FAE04EC0-301F-11D3-BF4B-00C04F79EFBC}") = "Assembly-CSharp-Editor", "Assembly-CSharp-Editor.csproj", "{5f4a4200-2570-60c2-84be-b5180a03247c}"
EndProject
Global
	GlobalSection(SolutionConfigurationPlatforms) = preSolution
		Debug|Any CPU = Debug|Any CPU
	EndGlobalSection
	GlobalSection(ProjectConfigurationPlatforms) = postSolution
		{420e8e52-5a64-69c9-3c3a-e2f78dde00f5}.Debug|Any CPU.ActiveCfg = Debug|Any CPU
		{420e8e52-5a64-69c9-3c3a-e2f78dde00f5}.Debug|Any CPU.Build.0 = Debug|Any CPU
		{5f4a4200-2570-60c2-84be-b5180a03247c}.Debug|Any CPU.ActiveCfg = Debug|Any CPU
		{5f4a4200-2570-60c2-84be-b5180a03247c}.Debug|Any CPU.Build.0 = Debug|Any CPU
	EndGlobalSection
	GlobalSection(SolutionProperties) = preSolution
		HideSolutionNode = FALSE
	EndGlobalSection
EndGlobal
